
Microsoft Visual Studio Solution File, Format Version 12.00
# Visual Studio Version 16
VisualStudioVersion = 16.0.33214.272
MinimumVisualStudioVersion = 10.0.40219.1
Project("{888888A0-9F3D-457C-B088-3A5042F75D52}") = "Quiz2", "Quiz2.pyproj", "{902F23A2-A51E-4EBA-9894-A0D267A595A3}"
EndProject
Global
	GlobalSection(SolutionConfigurationPlatforms) = preSolution
		Debug|Any CPU = Debug|Any CPU
		Release|Any CPU = Release|Any CPU
	EndGlobalSection
	GlobalSection(ProjectConfigurationPlatforms) = postSolution
		{902F23A2-A51E-4EBA-9894-A0D267A595A3}.Debug|Any CPU.ActiveCfg = Debug|Any CPU
		{902F23A2-A51E-4EBA-9894-A0D267A595A3}.Release|Any CPU.ActiveCfg = Release|Any CPU
	EndGlobalSection
	GlobalSection(SolutionProperties) = preSolution
		HideSolutionNode = FALSE
	EndGlobalSection
	GlobalSection(ExtensibilityGlobals) = postSolution
		SolutionGuid = {7F860184-8E64-4637-8015-5A4695F45EA7}
	EndGlobalSection
EndGlobal
